
Microsoft Visual Studio Solution File, Format Version 12.00
# Visual Studio Version 16
VisualStudioVersion = 16.0.30503.244
MinimumVisualStudioVersion = 10.0.40219.1
Project("{9A19103F-16F7-4668-BE54-9A1E7A4F7556}") = "NoDI", "NoDI\NoDI.csproj", "{4CA0FA8D-F8A8-40AF-B6D9-23172C1D3ED1}"
EndProject
Project("{9A19103F-16F7-4668-BE54-9A1E7A4F7556}") = "PoormanDI", "PoormanDI\PoormanDI.csproj", "{B6A09AB3-479E-4F86-B657-88004A7D7156}"
EndProject
Project("{FAE04EC0-301F-11D3-BF4B-00C04F79EFBC}") = "AspnetCoreDi", "AspnetCoreDi\AspnetCoreDi.csproj", "{4EFB34A3-D204-4F0C-A74D-0540CC5E0B9F}"
EndProject
Global
	GlobalSection(SolutionConfigurationPlatforms) = preSolution
		Debug|Any CPU = Debug|Any CPU
		Release|Any CPU = Release|Any CPU
	EndGlobalSection
	GlobalSection(ProjectConfigurationPlatforms) = postSolution
		{4CA0FA8D-F8A8-40AF-B6D9-23172C1D3ED1}.Debug|Any CPU.ActiveCfg = Debug|Any CPU
		{4CA0FA8D-F8A8-40AF-B6D9-23172C1D3ED1}.Debug|Any CPU.Build.0 = Debug|Any CPU
		{4CA0FA8D-F8A8-40AF-B6D9-23172C1D3ED1}.Release|Any CPU.ActiveCfg = Release|Any CPU
		{4CA0FA8D-F8A8-40AF-B6D9-23172C1D3ED1}.Release|Any CPU.Build.0 = Release|Any CPU
		{B6A09AB3-479E-4F86-B657-88004A7D7156}.Debug|Any CPU.ActiveCfg = Debug|Any CPU
		{B6A09AB3-479E-4F86-B657-88004A7D7156}.Debug|Any CPU.Build.0 = Debug|Any CPU
		{B6A09AB3-479E-4F86-B657-88004A7D7156}.Release|Any CPU.ActiveCfg = Release|Any CPU
		{B6A09AB3-479E-4F86-B657-88004A7D7156}.Release|Any CPU.Build.0 = Release|Any CPU
		{4EFB34A3-D204-4F0C-A74D-0540CC5E0B9F}.Debug|Any CPU.ActiveCfg = Debug|Any CPU
		{4EFB34A3-D204-4F0C-A74D-0540CC5E0B9F}.Debug|Any CPU.Build.0 = Debug|Any CPU
		{4EFB34A3-D204-4F0C-A74D-0540CC5E0B9F}.Release|Any CPU.ActiveCfg = Release|Any CPU
		{4EFB34A3-D204-4F0C-A74D-0540CC5E0B9F}.Release|Any CPU.Build.0 = Release|Any CPU
	EndGlobalSection
	GlobalSection(SolutionProperties) = preSolution
		HideSolutionNode = FALSE
	EndGlobalSection
	GlobalSection(ExtensibilityGlobals) = postSolution
		SolutionGuid = {ACA85242-1DF9-4F4D-970D-6F1A35F11D68}
	EndGlobalSection
EndGlobal
